
Microsoft Visual Studio Solution File, Format Version 12.00
# Visual Studio 2013
VisualStudioVersion = 12.0.40629.0
MinimumVisualStudioVersion = 10.0.40219.1
Project("{FAE04EC0-301F-11D3-BF4B-00C04F79EFBC}") = "GeoJSON.Net.Contrib.MsSqlSpatial", "GeoJSON.Net.Contrib.MsSqlSpatial\GeoJSON.Net.Contrib.MsSqlSpatial.csproj", "{129AFFB0-773B-4F50-BFEC-E0856C19EED6}"
EndProject
Project("{FAE04EC0-301F-11D3-BF4B-00C04F79EFBC}") = "GeoJSON.Net.Contrib.MsSqlSpatial.Test", "GeoJSON.Net.Contrib.MsSqlSpatial.Test\GeoJSON.Net.Contrib.MsSqlSpatial.Test.csproj", "{DC5DA532-32D5-4D5E-B213-05E2568C47F3}"
EndProject
Global
	GlobalSection(SolutionConfigurationPlatforms) = preSolution
		Debug|Any CPU = Debug|Any CPU
		Release|Any CPU = Release|Any CPU
	EndGlobalSection
	GlobalSection(ProjectConfigurationPlatforms) = postSolution
		{129AFFB0-773B-4F50-BFEC-E0856C19EED6}.Debug|Any CPU.ActiveCfg = Debug|Any CPU
		{129AFFB0-773B-4F50-BFEC-E0856C19EED6}.Debug|Any CPU.Build.0 = Debug|Any CPU
		{129AFFB0-773B-4F50-BFEC-E0856C19EED6}.Release|Any CPU.ActiveCfg = Release|Any CPU
		{129AFFB0-773B-4F50-BFEC-E0856C19EED6}.Release|Any CPU.Build.0 = Release|Any CPU
		{DC5DA532-32D5-4D5E-B213-05E2568C47F3}.Debug|Any CPU.ActiveCfg = Debug|Any CPU
		{DC5DA532-32D5-4D5E-B213-05E2568C47F3}.Debug|Any CPU.Build.0 = Debug|Any CPU
		{DC5DA532-32D5-4D5E-B213-05E2568C47F3}.Release|Any CPU.ActiveCfg = Release|Any CPU
		{DC5DA532-32D5-4D5E-B213-05E2568C47F3}.Release|Any CPU.Build.0 = Release|Any CPU
	EndGlobalSection
	GlobalSection(SolutionProperties) = preSolution
		HideSolutionNode = FALSE
	EndGlobalSection
EndGlobal
